
Microsoft Visual Studio Solution File, Format Version 11.00
# Visual Studio 2010
Project("{FAE04EC0-301F-11D3-BF4B-00C04F79EFBC}") = "Assembly-CSharp", "Assembly-CSharp.csproj", "{DEC01EE5-C0C4-27A9-4D36-959C9E0DB04F}"
EndProject
Project("{FAE04EC0-301F-11D3-BF4B-00C04F79EFBC}") = "Assembly-CSharp-Editor", "Assembly-CSharp-Editor.csproj", "{0FEA92F8-8B0C-64BF-2C00-2B933A60872D}"
EndProject
Global
	GlobalSection(SolutionConfigurationPlatforms) = preSolution
		Debug|Any CPU = Debug|Any CPU
		Release|Any CPU = Release|Any CPU
	EndGlobalSection
	GlobalSection(ProjectConfigurationPlatforms) = postSolution
		{DEC01EE5-C0C4-27A9-4D36-959C9E0DB04F}.Debug|Any CPU.ActiveCfg = Debug|Any CPU
		{DEC01EE5-C0C4-27A9-4D36-959C9E0DB04F}.Debug|Any CPU.Build.0 = Debug|Any CPU
		{DEC01EE5-C0C4-27A9-4D36-959C9E0DB04F}.Release|Any CPU.ActiveCfg = Release|Any CPU
		{DEC01EE5-C0C4-27A9-4D36-959C9E0DB04F}.Release|Any CPU.Build.0 = Release|Any CPU
		{0FEA92F8-8B0C-64BF-2C00-2B933A60872D}.Debug|Any CPU.ActiveCfg = Debug|Any CPU
		{0FEA92F8-8B0C-64BF-2C00-2B933A60872D}.Debug|Any CPU.Build.0 = Debug|Any CPU
		{0FEA92F8-8B0C-64BF-2C00-2B933A60872D}.Release|Any CPU.ActiveCfg = Release|Any CPU
		{0FEA92F8-8B0C-64BF-2C00-2B933A60872D}.Release|Any CPU.Build.0 = Release|Any CPU
	EndGlobalSection
	GlobalSection(SolutionProperties) = preSolution
		HideSolutionNode = FALSE
	EndGlobalSection
	GlobalSection(MonoDevelopProperties) = preSolution
		StartupItem = Assembly-CSharp.csproj
	EndGlobalSection
EndGlobal
