
Microsoft Visual Studio Solution File, Format Version 11.00
# Visual Studio 2010
Project("{FAE04EC0-301F-11D3-BF4B-00C04F79EFBC}") = "Puzzword", "Puzzword.csproj", "{3DF18E23-154A-C3D7-BB9D-9CD8D4104428}"
EndProject
Project("{FAE04EC0-301F-11D3-BF4B-00C04F79EFBC}") = "Puzzword-Editor", "Puzzword-Editor.csproj", "{3A459C01-D067-E8D4-FCBE-520C82228158}"
EndProject
Global
	GlobalSection(SolutionConfigurationPlatforms) = preSolution
		Debug|Any CPU = Debug|Any CPU
		Release|Any CPU = Release|Any CPU
	EndGlobalSection
	GlobalSection(ProjectConfigurationPlatforms) = postSolution
		{3DF18E23-154A-C3D7-BB9D-9CD8D4104428}.Debug|Any CPU.ActiveCfg = Debug|Any CPU
		{3DF18E23-154A-C3D7-BB9D-9CD8D4104428}.Debug|Any CPU.Build.0 = Debug|Any CPU
		{3DF18E23-154A-C3D7-BB9D-9CD8D4104428}.Release|Any CPU.ActiveCfg = Release|Any CPU
		{3DF18E23-154A-C3D7-BB9D-9CD8D4104428}.Release|Any CPU.Build.0 = Release|Any CPU
		{3A459C01-D067-E8D4-FCBE-520C82228158}.Debug|Any CPU.ActiveCfg = Debug|Any CPU
		{3A459C01-D067-E8D4-FCBE-520C82228158}.Debug|Any CPU.Build.0 = Debug|Any CPU
		{3A459C01-D067-E8D4-FCBE-520C82228158}.Release|Any CPU.ActiveCfg = Release|Any CPU
		{3A459C01-D067-E8D4-FCBE-520C82228158}.Release|Any CPU.Build.0 = Release|Any CPU
	EndGlobalSection
	GlobalSection(SolutionProperties) = preSolution
		HideSolutionNode = FALSE
	EndGlobalSection
	GlobalSection(MonoDevelopProperties) = preSolution
		StartupItem = Puzzword.csproj
	EndGlobalSection
EndGlobal
